
Microsoft Visual Studio Solution File, Format Version 12.00
# Visual Studio Version 17
VisualStudioVersion = 17.14.36202.13 d17.14
MinimumVisualStudioVersion = 10.0.40219.1
Project("{FAE04EC0-301F-11D3-BF4B-00C04F79EFBC}") = "HealthcareApi", "HealthcareApi\HealthcareApi.csproj", "{5FA57F3C-E604-4115-9DEE-4652A413E492}"
EndProject
Global
	GlobalSection(SolutionConfigurationPlatforms) = preSolution
		Debug|Any CPU = Debug|Any CPU
		Release|Any CPU = Release|Any CPU
	EndGlobalSection
	GlobalSection(ProjectConfigurationPlatforms) = postSolution
		{5FA57F3C-E604-4115-9DEE-4652A413E492}.Debug|Any CPU.ActiveCfg = Debug|Any CPU
		{5FA57F3C-E604-4115-9DEE-4652A413E492}.Debug|Any CPU.Build.0 = Debug|Any CPU
		{5FA57F3C-E604-4115-9DEE-4652A413E492}.Release|Any CPU.ActiveCfg = Release|Any CPU
		{5FA57F3C-E604-4115-9DEE-4652A413E492}.Release|Any CPU.Build.0 = Release|Any CPU
	EndGlobalSection
	GlobalSection(SolutionProperties) = preSolution
		HideSolutionNode = FALSE
	EndGlobalSection
	GlobalSection(ExtensibilityGlobals) = postSolution
		SolutionGuid = {02213285-E52E-4833-A553-FEC6495A147D}
	EndGlobalSection
EndGlobal
